
Microsoft Visual Studio Solution File, Format Version 12.00
# Visual Studio Version 16
VisualStudioVersion = 16.0.30611.23
MinimumVisualStudioVersion = 10.0.40219.1
Project("{FAE04EC0-301F-11D3-BF4B-00C04F79EFBC}") = "hesap makinesi", "hesap makinesi\hesap makinesi.csproj", "{7CFBE9DF-FD1F-4958-AC31-4F6E1ABB8D33}"
EndProject
Global
	GlobalSection(SolutionConfigurationPlatforms) = preSolution
		Debug|Any CPU = Debug|Any CPU
		Release|Any CPU = Release|Any CPU
	EndGlobalSection
	GlobalSection(ProjectConfigurationPlatforms) = postSolution
		{7CFBE9DF-FD1F-4958-AC31-4F6E1ABB8D33}.Debug|Any CPU.ActiveCfg = Debug|Any CPU
		{7CFBE9DF-FD1F-4958-AC31-4F6E1ABB8D33}.Debug|Any CPU.Build.0 = Debug|Any CPU
		{7CFBE9DF-FD1F-4958-AC31-4F6E1ABB8D33}.Release|Any CPU.ActiveCfg = Release|Any CPU
		{7CFBE9DF-FD1F-4958-AC31-4F6E1ABB8D33}.Release|Any CPU.Build.0 = Release|Any CPU
	EndGlobalSection
	GlobalSection(SolutionProperties) = preSolution
		HideSolutionNode = FALSE
	EndGlobalSection
	GlobalSection(ExtensibilityGlobals) = postSolution
		SolutionGuid = {EFD73E7A-35B6-4081-A029-A0DD399AA752}
	EndGlobalSection
EndGlobal
